
Microsoft Visual Studio Solution File, Format Version 12.00
# Visual Studio 15
VisualStudioVersion = 15.0.28307.168
MinimumVisualStudioVersion = 10.0.40219.1
Project("{FAE04EC0-301F-11D3-BF4B-00C04F79EFBC}") = "AS_IGK_WEBSERVICE_TESTS", "AS_IGK_WEBSERVICE_TESTS\AS_IGK_WEBSERVICE_TESTS.csproj", "{3884EAA8-2692-4CB0-994D-97383AC7529D}"
EndProject
Global
	GlobalSection(SolutionConfigurationPlatforms) = preSolution
		Debug|Any CPU = Debug|Any CPU
		Release|Any CPU = Release|Any CPU
	EndGlobalSection
	GlobalSection(ProjectConfigurationPlatforms) = postSolution
		{3884EAA8-2692-4CB0-994D-97383AC7529D}.Debug|Any CPU.ActiveCfg = Debug|Any CPU
		{3884EAA8-2692-4CB0-994D-97383AC7529D}.Debug|Any CPU.Build.0 = Debug|Any CPU
		{3884EAA8-2692-4CB0-994D-97383AC7529D}.Release|Any CPU.ActiveCfg = Release|Any CPU
		{3884EAA8-2692-4CB0-994D-97383AC7529D}.Release|Any CPU.Build.0 = Release|Any CPU
	EndGlobalSection
	GlobalSection(SolutionProperties) = preSolution
		HideSolutionNode = FALSE
	EndGlobalSection
	GlobalSection(ExtensibilityGlobals) = postSolution
		SolutionGuid = {A9B790CF-2B52-4E15-8D9A-84B969FC41C3}
	EndGlobalSection
EndGlobal
